
Microsoft Visual Studio Solution File, Format Version 12.00
# Visual Studio Version 16
VisualStudioVersion = 16.0.32228.343
MinimumVisualStudioVersion = 10.0.40219.1
Project("{8BC9CEB8-8B4A-11D0-8D11-00A0C91BC942}") = "ds_proj_1_20211063", "ds_proj_1_20211063\ds_proj_1_20211063.vcxproj", "{2574CFEC-2640-4C11-BB40-50955F23998F}"
EndProject
Global
	GlobalSection(SolutionConfigurationPlatforms) = preSolution
		Debug|x64 = Debug|x64
		Debug|x86 = Debug|x86
		Release|x64 = Release|x64
		Release|x86 = Release|x86
	EndGlobalSection
	GlobalSection(ProjectConfigurationPlatforms) = postSolution
		{2574CFEC-2640-4C11-BB40-50955F23998F}.Debug|x64.ActiveCfg = Debug|x64
		{2574CFEC-2640-4C11-BB40-50955F23998F}.Debug|x64.Build.0 = Debug|x64
		{2574CFEC-2640-4C11-BB40-50955F23998F}.Debug|x86.ActiveCfg = Debug|Win32
		{2574CFEC-2640-4C11-BB40-50955F23998F}.Debug|x86.Build.0 = Debug|Win32
		{2574CFEC-2640-4C11-BB40-50955F23998F}.Release|x64.ActiveCfg = Release|x64
		{2574CFEC-2640-4C11-BB40-50955F23998F}.Release|x64.Build.0 = Release|x64
		{2574CFEC-2640-4C11-BB40-50955F23998F}.Release|x86.ActiveCfg = Release|Win32
		{2574CFEC-2640-4C11-BB40-50955F23998F}.Release|x86.Build.0 = Release|Win32
	EndGlobalSection
	GlobalSection(SolutionProperties) = preSolution
		HideSolutionNode = FALSE
	EndGlobalSection
	GlobalSection(ExtensibilityGlobals) = postSolution
		SolutionGuid = {6F07EB08-7800-47FB-BEF0-C26C62E1907C}
	EndGlobalSection
EndGlobal
